
Microsoft Visual Studio Solution File, Format Version 12.00
# Visual Studio Version 17
VisualStudioVersion = 17.5.002.0
MinimumVisualStudioVersion = 10.0.40219.1
Project("{9A19103F-16F7-4668-BE54-9A1E7A4F7556}") = "tl2-tp10-2023-VarelaJoseAlberto", "tl2-tp10-2023-VarelaJoseAlberto.csproj", "{3E046ADA-1FF7-4B75-916F-0F84160146B4}"
EndProject
Global
	GlobalSection(SolutionConfigurationPlatforms) = preSolution
		Debug|Any CPU = Debug|Any CPU
		Release|Any CPU = Release|Any CPU
	EndGlobalSection
	GlobalSection(ProjectConfigurationPlatforms) = postSolution
		{3E046ADA-1FF7-4B75-916F-0F84160146B4}.Debug|Any CPU.ActiveCfg = Debug|Any CPU
		{3E046ADA-1FF7-4B75-916F-0F84160146B4}.Debug|Any CPU.Build.0 = Debug|Any CPU
		{3E046ADA-1FF7-4B75-916F-0F84160146B4}.Release|Any CPU.ActiveCfg = Release|Any CPU
		{3E046ADA-1FF7-4B75-916F-0F84160146B4}.Release|Any CPU.Build.0 = Release|Any CPU
	EndGlobalSection
	GlobalSection(SolutionProperties) = preSolution
		HideSolutionNode = FALSE
	EndGlobalSection
	GlobalSection(ExtensibilityGlobals) = postSolution
		SolutionGuid = {A30BB73A-D85E-4DDB-A289-027B687C9628}
	EndGlobalSection
EndGlobal
